Microsoft Visual Studio Solution File, Format Version 12.00
# Visual Studio Version 17
VisualStudioVersion = 17.5.2.0
MinimumVisualStudioVersion = 10.0.40219.1
Project("{FAE04EC0-301F-11D3-BF4B-00C04F79EFBC}") = "McpaApi", "McpaApi.csproj", "{726359F1-738E-29F2-3B76-499DA6A1BA90}"
EndProject
Global
	GlobalSection(SolutionConfigurationPlatforms) = preSolution
		Debug|Any CPU = Debug|Any CPU
		Release|Any CPU = Release|Any CPU
	EndGlobalSection
	GlobalSection(ProjectConfigurationPlatforms) = postSolution
		{726359F1-738E-29F2-3B76-499DA6A1BA90}.Debug|Any CPU.ActiveCfg = Debug|Any CPU
		{726359F1-738E-29F2-3B76-499DA6A1BA90}.Debug|Any CPU.Build.0 = Debug|Any CPU
		{726359F1-738E-29F2-3B76-499DA6A1BA90}.Release|Any CPU.ActiveCfg = Release|Any CPU
		{726359F1-738E-29F2-3B76-499DA6A1BA90}.Release|Any CPU.Build.0 = Release|Any CPU
	EndGlobalSection
	GlobalSection(SolutionProperties) = preSolution
		HideSolutionNode = FALSE
	EndGlobalSection
	GlobalSection(ExtensibilityGlobals) = postSolution
		SolutionGuid = {A3B9E99B-A6FB-46B9-B79F-617FD952A267}
	EndGlobalSection
EndGlobal
